
Microsoft Visual Studio Solution File, Format Version 12.00
# Visual Studio Version 16
VisualStudioVersion = 16.0.30523.141
MinimumVisualStudioVersion = 10.0.40219.1
Project("{FAE04EC0-301F-11D3-BF4B-00C04F79EFBC}") = "Two Sum", "Two Sum\Two Sum.csproj", "{662CDF25-AD8B-4016-815B-4AF3CB4C8FF5}"
EndProject
Global
	GlobalSection(SolutionConfigurationPlatforms) = preSolution
		Debug|Any CPU = Debug|Any CPU
		Release|Any CPU = Release|Any CPU
	EndGlobalSection
	GlobalSection(ProjectConfigurationPlatforms) = postSolution
		{662CDF25-AD8B-4016-815B-4AF3CB4C8FF5}.Debug|Any CPU.ActiveCfg = Debug|Any CPU
		{662CDF25-AD8B-4016-815B-4AF3CB4C8FF5}.Debug|Any CPU.Build.0 = Debug|Any CPU
		{662CDF25-AD8B-4016-815B-4AF3CB4C8FF5}.Release|Any CPU.ActiveCfg = Release|Any CPU
		{662CDF25-AD8B-4016-815B-4AF3CB4C8FF5}.Release|Any CPU.Build.0 = Release|Any CPU
	EndGlobalSection
	GlobalSection(SolutionProperties) = preSolution
		HideSolutionNode = FALSE
	EndGlobalSection
	GlobalSection(ExtensibilityGlobals) = postSolution
		SolutionGuid = {80452B95-4390-473E-AE91-2EDBFBBD20A2}
	EndGlobalSection
EndGlobal
