
Microsoft Visual Studio Solution File, Format Version 12.00
# Visual Studio Version 17
VisualStudioVersion = 17.6.33829.357
MinimumVisualStudioVersion = 10.0.40219.1
Project("{FAE04EC0-301F-11D3-BF4B-00C04F79EFBC}") = "1672. Richest Customer Wealth", "Richest Customer Wealth\1672. Richest Customer Wealth.csproj", "{B3FA4C96-F642-4DBB-A70B-5DA71E6DC4E4}"
EndProject
Project("{FAE04EC0-301F-11D3-BF4B-00C04F79EFBC}") = "1472. Kids With the Greatest Number of Candies", "1472. Kids With the Greatest Number of Candies\1472. Kids With the Greatest Number of Candies.csproj", "{6A2C8995-FF2B-42FB-AF0B-07B9DE6D86CB}"
EndProject
Project("{FAE04EC0-301F-11D3-BF4B-00C04F79EFBC}") = "1470. Shuffle the Array", "1470. Shuffle the Array\1470. Shuffle the Array.csproj", "{E5EC7118-9F70-43F2-8B2E-8DD21B7055E7}"
EndProject
Project("{FAE04EC0-301F-11D3-BF4B-00C04F79EFBC}") = "1480. Running Sum of 1d Array", "1480. Running Sum of 1d Array\1480. Running Sum of 1d Array.csproj", "{8E17E35E-204D-446C-9172-974DAAD2AE73}"
EndProject
Project("{FAE04EC0-301F-11D3-BF4B-00C04F79EFBC}") = "1. Two Sum", "1. Two Sum\1. Two Sum.csproj", "{1E808DB8-2E8B-477E-B7CE-B63469A3DCF6}"
EndProject
Project("{FAE04EC0-301F-11D3-BF4B-00C04F79EFBC}") = "397. Integer Replacement", "397. Integer Replacement\397. Integer Replacement.csproj", "{4A6CFCAB-6BF3-4E09-BC5C-08CA1D753C50}"
EndProject
Project("{FAE04EC0-301F-11D3-BF4B-00C04F79EFBC}") = "88-Merge-Sorted-Array", "88-Merge-Sorted-Array\88-Merge-Sorted-Array.csproj", "{5631178C-CA77-4194-8BCA-F5522A73766A}"
EndProject
Project("{FAE04EC0-301F-11D3-BF4B-00C04F79EFBC}") = "125. Valid Palindrome", "125. Valid Palindrome\125. Valid Palindrome.csproj", "{EF9A0464-518B-40EB-BFBE-1329EB48B3F0}"
EndProject
Project("{FAE04EC0-301F-11D3-BF4B-00C04F79EFBC}") = "392. Is Subsequence", "392. Is Subsequence\392. Is Subsequence.csproj", "{ABEF96E5-3945-4C69-8F74-5D2984499487}"
EndProject
Project("{FAE04EC0-301F-11D3-BF4B-00C04F79EFBC}") = "27. Remove Element", "27. Remove Element\27. Remove Element.csproj", "{0197CE75-AD16-4BBC-AF10-530842E32F4F}"
EndProject
Project("{FAE04EC0-301F-11D3-BF4B-00C04F79EFBC}") = "169. Majority Element", "169. Majority Element\169. Majority Element.csproj", "{513BC428-342B-4E43-ACC1-0A1C8EAC017E}"
EndProject
Project("{FAE04EC0-301F-11D3-BF4B-00C04F79EFBC}") = "80. Remove Duplicates from Sorted Array II", "80. Remove Duplicates from Sorted Array II\80. Remove Duplicates from Sorted Array II.csproj", "{92805265-48D8-4E90-92D3-542956BFD542}"
EndProject
Project("{FAE04EC0-301F-11D3-BF4B-00C04F79EFBC}") = "242. Valid Anagram", "242. Valid Anagram\242. Valid Anagram.csproj", "{E7DBEC94-9057-4E69-896F-103CB29828FD}"
EndProject
Project("{FAE04EC0-301F-11D3-BF4B-00C04F79EFBC}") = "290. Word Pattern", "290. Word Pattern\290. Word Pattern.csproj", "{CF298DA5-F92E-4554-93F1-5F408AC22769}"
EndProject
Project("{FAE04EC0-301F-11D3-BF4B-00C04F79EFBC}") = "205. Isomorphic Strings", "205. Isomorphic Strings\205. Isomorphic Strings.csproj", "{F871D7E2-9CA2-4B75-9D83-4E9800DBDF28}"
EndProject
Global
	GlobalSection(SolutionConfigurationPlatforms) = preSolution
		Debug|Any CPU = Debug|Any CPU
		Release|Any CPU = Release|Any CPU
	EndGlobalSection
	GlobalSection(ProjectConfigurationPlatforms) = postSolution
		{B3FA4C96-F642-4DBB-A70B-5DA71E6DC4E4}.Debug|Any CPU.ActiveCfg = Debug|Any CPU
		{B3FA4C96-F642-4DBB-A70B-5DA71E6DC4E4}.Debug|Any CPU.Build.0 = Debug|Any CPU
		{B3FA4C96-F642-4DBB-A70B-5DA71E6DC4E4}.Release|Any CPU.ActiveCfg = Release|Any CPU
		{B3FA4C96-F642-4DBB-A70B-5DA71E6DC4E4}.Release|Any CPU.Build.0 = Release|Any CPU
		{6A2C8995-FF2B-42FB-AF0B-07B9DE6D86CB}.Debug|Any CPU.ActiveCfg = Debug|Any CPU
		{6A2C8995-FF2B-42FB-AF0B-07B9DE6D86CB}.Debug|Any CPU.Build.0 = Debug|Any CPU
		{6A2C8995-FF2B-42FB-AF0B-07B9DE6D86CB}.Release|Any CPU.ActiveCfg = Release|Any CPU
		{6A2C8995-FF2B-42FB-AF0B-07B9DE6D86CB}.Release|Any CPU.Build.0 = Release|Any CPU
		{E5EC7118-9F70-43F2-8B2E-8DD21B7055E7}.Debug|Any CPU.ActiveCfg = Debug|Any CPU
		{E5EC7118-9F70-43F2-8B2E-8DD21B7055E7}.Debug|Any CPU.Build.0 = Debug|Any CPU
		{E5EC7118-9F70-43F2-8B2E-8DD21B7055E7}.Release|Any CPU.ActiveCfg = Release|Any CPU
		{E5EC7118-9F70-43F2-8B2E-8DD21B7055E7}.Release|Any CPU.Build.0 = Release|Any CPU
		{8E17E35E-204D-446C-9172-974DAAD2AE73}.Debug|Any CPU.ActiveCfg = Debug|Any CPU
		{8E17E35E-204D-446C-9172-974DAAD2AE73}.Debug|Any CPU.Build.0 = Debug|Any CPU
		{8E17E35E-204D-446C-9172-974DAAD2AE73}.Release|Any CPU.ActiveCfg = Release|Any CPU
		{8E17E35E-204D-446C-9172-974DAAD2AE73}.Release|Any CPU.Build.0 = Release|Any CPU
		{1E808DB8-2E8B-477E-B7CE-B63469A3DCF6}.Debug|Any CPU.ActiveCfg = Debug|Any CPU
		{1E808DB8-2E8B-477E-B7CE-B63469A3DCF6}.Debug|Any CPU.Build.0 = Debug|Any CPU
		{1E808DB8-2E8B-477E-B7CE-B63469A3DCF6}.Release|Any CPU.ActiveCfg = Release|Any CPU
		{1E808DB8-2E8B-477E-B7CE-B63469A3DCF6}.Release|Any CPU.Build.0 = Release|Any CPU
		{4A6CFCAB-6BF3-4E09-BC5C-08CA1D753C50}.Debug|Any CPU.ActiveCfg = Debug|Any CPU
		{4A6CFCAB-6BF3-4E09-BC5C-08CA1D753C50}.Debug|Any CPU.Build.0 = Debug|Any CPU
		{4A6CFCAB-6BF3-4E09-BC5C-08CA1D753C50}.Release|Any CPU.ActiveCfg = Release|Any CPU
		{4A6CFCAB-6BF3-4E09-BC5C-08CA1D753C50}.Release|Any CPU.Build.0 = Release|Any CPU
		{5631178C-CA77-4194-8BCA-F5522A73766A}.Debug|Any CPU.ActiveCfg = Debug|Any CPU
		{5631178C-CA77-4194-8BCA-F5522A73766A}.Debug|Any CPU.Build.0 = Debug|Any CPU
		{5631178C-CA77-4194-8BCA-F5522A73766A}.Release|Any CPU.ActiveCfg = Release|Any CPU
		{5631178C-CA77-4194-8BCA-F5522A73766A}.Release|Any CPU.Build.0 = Release|Any CPU
		{EF9A0464-518B-40EB-BFBE-1329EB48B3F0}.Debug|Any CPU.ActiveCfg = Debug|Any CPU
		{EF9A0464-518B-40EB-BFBE-1329EB48B3F0}.Debug|Any CPU.Build.0 = Debug|Any CPU
		{EF9A0464-518B-40EB-BFBE-1329EB48B3F0}.Release|Any CPU.ActiveCfg = Release|Any CPU
		{EF9A0464-518B-40EB-BFBE-1329EB48B3F0}.Release|Any CPU.Build.0 = Release|Any CPU
		{ABEF96E5-3945-4C69-8F74-5D2984499487}.Debug|Any CPU.ActiveCfg = Debug|Any CPU
		{ABEF96E5-3945-4C69-8F74-5D2984499487}.Debug|Any CPU.Build.0 = Debug|Any CPU
		{ABEF96E5-3945-4C69-8F74-5D2984499487}.Release|Any CPU.ActiveCfg = Release|Any CPU
		{ABEF96E5-3945-4C69-8F74-5D2984499487}.Release|Any CPU.Build.0 = Release|Any CPU
		{0197CE75-AD16-4BBC-AF10-530842E32F4F}.Debug|Any CPU.ActiveCfg = Debug|Any CPU
		{0197CE75-AD16-4BBC-AF10-530842E32F4F}.Debug|Any CPU.Build.0 = Debug|Any CPU
		{0197CE75-AD16-4BBC-AF10-530842E32F4F}.Release|Any CPU.ActiveCfg = Release|Any CPU
		{0197CE75-AD16-4BBC-AF10-530842E32F4F}.Release|Any CPU.Build.0 = Release|Any CPU
		{513BC428-342B-4E43-ACC1-0A1C8EAC017E}.Debug|Any CPU.ActiveCfg = Debug|Any CPU
		{513BC428-342B-4E43-ACC1-0A1C8EAC017E}.Debug|Any CPU.Build.0 = Debug|Any CPU
		{513BC428-342B-4E43-ACC1-0A1C8EAC017E}.Release|Any CPU.ActiveCfg = Release|Any CPU
		{513BC428-342B-4E43-ACC1-0A1C8EAC017E}.Release|Any CPU.Build.0 = Release|Any CPU
		{92805265-48D8-4E90-92D3-542956BFD542}.Debug|Any CPU.ActiveCfg = Debug|Any CPU
		{92805265-48D8-4E90-92D3-542956BFD542}.Debug|Any CPU.Build.0 = Debug|Any CPU
		{92805265-48D8-4E90-92D3-542956BFD542}.Release|Any CPU.ActiveCfg = Release|Any CPU
		{92805265-48D8-4E90-92D3-542956BFD542}.Release|Any CPU.Build.0 = Release|Any CPU
		{E7DBEC94-9057-4E69-896F-103CB29828FD}.Debug|Any CPU.ActiveCfg = Debug|Any CPU
		{E7DBEC94-9057-4E69-896F-103CB29828FD}.Debug|Any CPU.Build.0 = Debug|Any CPU
		{E7DBEC94-9057-4E69-896F-103CB29828FD}.Release|Any CPU.ActiveCfg = Release|Any CPU
		{E7DBEC94-9057-4E69-896F-103CB29828FD}.Release|Any CPU.Build.0 = Release|Any CPU
		{CF298DA5-F92E-4554-93F1-5F408AC22769}.Debug|Any CPU.ActiveCfg = Debug|Any CPU
		{CF298DA5-F92E-4554-93F1-5F408AC22769}.Debug|Any CPU.Build.0 = Debug|Any CPU
		{CF298DA5-F92E-4554-93F1-5F408AC22769}.Release|Any CPU.ActiveCfg = Release|Any CPU
		{CF298DA5-F92E-4554-93F1-5F408AC22769}.Release|Any CPU.Build.0 = Release|Any CPU
		{F871D7E2-9CA2-4B75-9D83-4E9800DBDF28}.Debug|Any CPU.ActiveCfg = Debug|Any CPU
		{F871D7E2-9CA2-4B75-9D83-4E9800DBDF28}.Debug|Any CPU.Build.0 = Debug|Any CPU
		{F871D7E2-9CA2-4B75-9D83-4E9800DBDF28}.Release|Any CPU.ActiveCfg = Release|Any CPU
		{F871D7E2-9CA2-4B75-9D83-4E9800DBDF28}.Release|Any CPU.Build.0 = Release|Any CPU
	EndGlobalSection
	GlobalSection(SolutionProperties) = preSolution
		HideSolutionNode = FALSE
	EndGlobalSection
	GlobalSection(ExtensibilityGlobals) = postSolution
		SolutionGuid = {4226E55E-FCF0-47E3-ACA0-2D0EB2D2354C}
	EndGlobalSection
EndGlobal
